
Microsoft Visual Studio Solution File, Format Version 12.00
# Visual Studio Version 17
VisualStudioVersion = 17.9.34622.214
MinimumVisualStudioVersion = 10.0.40219.1
Project("{FAE04EC0-301F-11D3-BF4B-00C04F79EFBC}") = "ATV6CJ3022439", "ATV6CJ3022439\ATV6CJ3022439.csproj", "{85249615-155D-4136-B6E9-1DC30DBC63B7}"
EndProject
Global
	GlobalSection(SolutionConfigurationPlatforms) = preSolution
		Debug|Any CPU = Debug|Any CPU
		Release|Any CPU = Release|Any CPU
	EndGlobalSection
	GlobalSection(ProjectConfigurationPlatforms) = postSolution
		{85249615-155D-4136-B6E9-1DC30DBC63B7}.Debug|Any CPU.ActiveCfg = Debug|Any CPU
		{85249615-155D-4136-B6E9-1DC30DBC63B7}.Debug|Any CPU.Build.0 = Debug|Any CPU
		{85249615-155D-4136-B6E9-1DC30DBC63B7}.Release|Any CPU.ActiveCfg = Release|Any CPU
		{85249615-155D-4136-B6E9-1DC30DBC63B7}.Release|Any CPU.Build.0 = Release|Any CPU
	EndGlobalSection
	GlobalSection(SolutionProperties) = preSolution
		HideSolutionNode = FALSE
	EndGlobalSection
	GlobalSection(ExtensibilityGlobals) = postSolution
		SolutionGuid = {3187DE45-B826-4B10-A785-B7F1954F4500}
	EndGlobalSection
EndGlobal
